github.com/samber/lo v1.37.0 h1:XjVcB8g6tgUp8rsPsJ2CvhClfImrpL04YpQHXeHPhRw=
github.com/samber/lo v1.37.0/go.mod h1:9vaz2O4o8oOnK23pd2TrXufcbdbJIa3b6cstBWKpopA=
github.com/vinta/pangu v3.0.0+incompatible h1:kqW9Q5BrmWJkLJXLdxwbyPDjlizHUTpOCmHFCKfg1ZA=
github.com/vinta/pangu v3.0.0+incompatible/go.mod h1:8n5gJh5l7U0Rbz6mjRK/09AiL0Bm+ugibEB+JhvxNNk=
go.uber.org/atomic v1.10.0 h1:9qC72Qh0+3MqyJbAn8YU5xVq1frD8bn3JtD2oXtafVQ=
go.uber.org/atomic v1.10.0/go.mod h1:LUxbIzbOniOlMKjJjyPfpl4v+PKK2cNJn91OQbhoJI0=
go.uber.org/dig v1.16.1 h1:+alNIBsl0qfY0j6epRubp/9obgtrObRAc5aD+6jbWY8=
go.uber.org/dig v1.16.1/go.mod h1:557JTAUZT5bUK0SvCwikmLPPtdQhfvLYtO5tJgQSbnk=
go.uber.org/fx v1.19.1 h1:JwYIYAQzXBuBBwSZ1/tn/95pnQO/Sp3yE8lWj9eSAzI=
go.uber.org/fx v1.19.1/go.mod h1:bGK+AEy7XUwTBkqCsK/vDyFF0JJOA6X5KWpNC0e6qTA=
go.uber.org/multierr v1.9.0 h1:7fIwc/ZtS0q++VgcfqFDxSBZVv/Xo49/SYnDFupUwlI=
go.uber.org/multierr v1.9.0/go.mod h1:X2jQV1h+kxSjClGpnseKVIxpmcjrj7MNnI0bnlfKTVQ=
go.uber.org/zap v1.24.0 h1:FiJd5l1UOLj0wCgbSE0rwwXHzEdAZS6hiiSnxJN/D60=
go.uber.org/zap v1.24.0/go.mod h1:2kMP+WWQ8aoFoedH3T2sq6iJ2yDWpHbP0f6MQbS9Gkg=
golang.org/x/exp v0.0.0-20230126173853-a67bb567ff2e h1:nEzRHNOazEST44vMvEwxGxnYGrzXEmxJmnti5mKSWTk=
golang.org/x/exp v0.0.0-20230126173853-a67bb567ff2e/go.mod h1:CxIveKay+FTh1D0yPZemJVgC/95VzuuOLq5Qi4xnoYc=
golang.org/x/sys v0.4.0 h1:Zr2JFtRQNX3BCZ8YtxRE9hNJYC8J6I1MVbMg6owUp18=
golang.org/x/sys v0.4.0/go.mod h1:oPkhp1MJrh7nUepCBck5+mAzfO9JrbApNNgaTdGDITg=
